
Microsoft Visual Studio Solution File, Format Version 12.00
# Visual Studio Version 17
VisualStudioVersion = 17.7.34024.191
MinimumVisualStudioVersion = 10.0.40219.1
Project("{FAE04EC0-301F-11D3-BF4B-00C04F79EFBC}") = "MoneyModifier", "MoneyModifier\MoneyModifier.csproj", "{70BDEEA9-656A-4AF2-A565-1A665AD82BFD}"
EndProject
Global
	GlobalSection(SolutionConfigurationPlatforms) = preSolution
		Debug|Any CPU = Debug|Any CPU
		Release|Any CPU = Release|Any CPU
	EndGlobalSection
	GlobalSection(ProjectConfigurationPlatforms) = postSolution
		{70BDEEA9-656A-4AF2-A565-1A665AD82BFD}.Debug|Any CPU.ActiveCfg = Debug|Any CPU
		{70BDEEA9-656A-4AF2-A565-1A665AD82BFD}.Debug|Any CPU.Build.0 = Debug|Any CPU
		{70BDEEA9-656A-4AF2-A565-1A665AD82BFD}.Release|Any CPU.ActiveCfg = Release|Any CPU
		{70BDEEA9-656A-4AF2-A565-1A665AD82BFD}.Release|Any CPU.Build.0 = Release|Any CPU
	EndGlobalSection
	GlobalSection(SolutionProperties) = preSolution
		HideSolutionNode = FALSE
	EndGlobalSection
	GlobalSection(ExtensibilityGlobals) = postSolution
		SolutionGuid = {7AFF09E5-88FE-4BD9-A56C-F6423EC02C0C}
	EndGlobalSection
EndGlobal
